
Microsoft Visual Studio Solution File, Format Version 12.00
# Visual Studio Version 17
VisualStudioVersion = 17.8.34525.116
MinimumVisualStudioVersion = 10.0.40219.1
Project("{FAE04EC0-301F-11D3-BF4B-00C04F79EFBC}") = "web_api_silicon", "web_api_silicon\web_api_silicon.csproj", "{FE87EDE1-8E05-4EB7-8AA6-0E563CCF01BA}"
EndProject
Project("{FAE04EC0-301F-11D3-BF4B-00C04F79EFBC}") = "Infrastructure", "Infrastructure\Infrastructure.csproj", "{590F02AA-15A8-4E38-9708-43D4818A3ECA}"
EndProject
Global
	GlobalSection(SolutionConfigurationPlatforms) = preSolution
		Debug|Any CPU = Debug|Any CPU
		Release|Any CPU = Release|Any CPU
	EndGlobalSection
	GlobalSection(ProjectConfigurationPlatforms) = postSolution
		{FE87EDE1-8E05-4EB7-8AA6-0E563CCF01BA}.Debug|Any CPU.ActiveCfg = Debug|Any CPU
		{FE87EDE1-8E05-4EB7-8AA6-0E563CCF01BA}.Debug|Any CPU.Build.0 = Debug|Any CPU
		{FE87EDE1-8E05-4EB7-8AA6-0E563CCF01BA}.Release|Any CPU.ActiveCfg = Release|Any CPU
		{FE87EDE1-8E05-4EB7-8AA6-0E563CCF01BA}.Release|Any CPU.Build.0 = Release|Any CPU
		{590F02AA-15A8-4E38-9708-43D4818A3ECA}.Debug|Any CPU.ActiveCfg = Debug|Any CPU
		{590F02AA-15A8-4E38-9708-43D4818A3ECA}.Debug|Any CPU.Build.0 = Debug|Any CPU
		{590F02AA-15A8-4E38-9708-43D4818A3ECA}.Release|Any CPU.ActiveCfg = Release|Any CPU
		{590F02AA-15A8-4E38-9708-43D4818A3ECA}.Release|Any CPU.Build.0 = Release|Any CPU
	EndGlobalSection
	GlobalSection(SolutionProperties) = preSolution
		HideSolutionNode = FALSE
	EndGlobalSection
	GlobalSection(ExtensibilityGlobals) = postSolution
		SolutionGuid = {6AD2B563-F99B-4A1A-A5DF-EBB3EDE76D6E}
	EndGlobalSection
EndGlobal
